
Microsoft Visual Studio Solution File, Format Version 12.00
# Visual Studio Version 16
VisualStudioVersion = 16.0.31424.327
MinimumVisualStudioVersion = 10.0.40219.1
Project("{FAE04EC0-301F-11D3-BF4B-00C04F79EFBC}") = "ProceduralMapGenerator", "ProceduralMapGenerator.csproj", "{30F9B108-9246-457E-B7C2-ABBFE0A4EA5B}"
EndProject
Global
	GlobalSection(SolutionConfigurationPlatforms) = preSolution
		Debug|Any CPU = Debug|Any CPU
		Release|Any CPU = Release|Any CPU
	EndGlobalSection
	GlobalSection(ProjectConfigurationPlatforms) = postSolution
		{30F9B108-9246-457E-B7C2-ABBFE0A4EA5B}.Debug|Any CPU.ActiveCfg = Debug|Any CPU
		{30F9B108-9246-457E-B7C2-ABBFE0A4EA5B}.Debug|Any CPU.Build.0 = Debug|Any CPU
		{30F9B108-9246-457E-B7C2-ABBFE0A4EA5B}.Release|Any CPU.ActiveCfg = Release|Any CPU
		{30F9B108-9246-457E-B7C2-ABBFE0A4EA5B}.Release|Any CPU.Build.0 = Release|Any CPU
	EndGlobalSection
	GlobalSection(SolutionProperties) = preSolution
		HideSolutionNode = FALSE
	EndGlobalSection
	GlobalSection(ExtensibilityGlobals) = postSolution
		SolutionGuid = {99E7C3FC-B99A-4AF3-B766-627EDA6B21FD}
	EndGlobalSection
EndGlobal
